version = 1
requires-python = "==3.11.9"

[[package]]
name = "aiohappyeyeballs"
version = "2.4.3"
source = { registry = "https://pypi.org/simple" }
sdist = { url = "https://files.pythonhosted.org/packages/bc/69/2f6d5a019bd02e920a3417689a89887b39ad1e350b562f9955693d900c40/aiohappyeyeballs-2.4.3.tar.gz", hash = "sha256:75cf88a15106a5002a8eb1dab212525c00d1f4c0fa96e551c9fbe6f09a621586", size = 21809 }
wheels = [
    { url = "https://files.pythonhosted.org/packages/f7/d8/120cd0fe3e8530df0539e71ba9683eade12cae103dd7543e50d15f737917/aiohappyeyeballs-2.4.3-py3-none-any.whl", hash = "sha256:8a7a83727b2756f394ab2895ea0765a0a8c475e3c71e98d43d76f22b4b435572", size = 14742 },
]

[[package]]
name = "aiohttp"
version = "3.11.7"
source = { registry = "https://pypi.org/simple" }
dependencies = [
    { name = "aiohappyeyeballs" },
    { name = "aiosignal" },
    { name = "attrs" },
    { name = "frozenlist" },
    { name = "multidict" },
    { name = "propcache" },
    { name = "yarl" },
]
sdist = { url = "https://files.pythonhosted.org/packages/4b/cb/f9bb10e0cf6f01730b27d370b10cc15822bea4395acd687abc8cc5fed3ed/aiohttp-3.11.7.tar.gz", hash = "sha256:01a8aca4af3da85cea5c90141d23f4b0eee3cbecfd33b029a45a80f28c66c668", size = 7666482 }
wheels = [
    { url = "https://files.pythonhosted.org/packages/13/7f/272fa1adf68fe2fbebfe686a67b50cfb40d86dfe47d0441aff6f0b7c4c0e/aiohttp-3.11.7-cp311-cp311-macosx_10_9_universal2.whl", hash = "sha256:cea52d11e02123f125f9055dfe0ccf1c3857225fb879e4a944fae12989e2aef2", size = 706820 },
    { url = "https://files.pythonhosted.org/packages/79/3c/6d612ef77cdba75364393f04c5c577481e3b5123a774eea447ada1ddd14f/aiohttp-3.11.7-cp311-cp311-macosx_10_9_x86_64.whl", hash = "sha256:3ce18f703b7298e7f7633efd6a90138d99a3f9a656cb52c1201e76cb5d79cf08", size = 466654 },
    { url = "https://files.pythonhosted.org/packages/4f/b8/1052667d4800cd49bb4f869f1ed42f5e9d5acd4676275e64ccc244c9c040/aiohttp-3.11.7-cp311-cp311-macosx_11_0_arm64.whl", hash = "sha256:670847ee6aeb3a569cd7cdfbe0c3bec1d44828bbfbe78c5d305f7f804870ef9e", size = 454041 },
    { url = "https://files.pythonhosted.org/packages/9f/07/80fa7302314a6ee1c9278550e9d95b77a4c895999bfbc5364ed0ee28dc7c/aiohttp-3.11.7-cp311-cp311-manylinux_2_17_aarch64.manylinux2014_aarch64.whl", hash = "sha256:4dda726f89bfa5c465ba45b76515135a3ece0088dfa2da49b8bb278f3bdeea12", size = 1684778 },
    { url = "https://files.pythonhosted.org/packages/2e/30/a71eb45197ad6bb6af87dfb39be8b56417d24d916047d35ef3f164af87f4/aiohttp-3.11.7-cp311-cp311-manylinux_2_17_ppc64le.manylinux2014_ppc64le.whl", hash = "sha256:c25b74a811dba37c7ea6a14d99eb9402d89c8d739d50748a75f3cf994cf19c43", size = 1740992 },
    { url = "https://files.pythonhosted.org/packages/22/74/0f9394429f3c4197129333a150a85cb2a642df30097a39dd41257f0b3bdc/aiohttp-3.11.7-cp311-cp311-manylinux_2_17_s390x.manylinux2014_s390x.whl", hash = "sha256:e5522ee72f95661e79db691310290c4618b86dff2d9b90baedf343fd7a08bf79", size = 1781816 },
    { url = "https://files.pythonhosted.org/packages/7f/1a/1e256b39179c98d16d53ac62f64bfcfe7c5b2c1e68b83cddd4165854524f/aiohttp-3.11.7-cp311-cp311-manylinux_2_17_x86_64.manylinux2014_x86_64.whl", hash = "sha256:1fbf41a6bbc319a7816ae0f0177c265b62f2a59ad301a0e49b395746eb2a9884", size = 1676692 },
    { url = "https://files.pythonhosted.org/packages/9b/37/f19d2e00efcabb9183b16bd91244de1d9c4ff7bf0fb5b8302e29a78f3286/aiohttp-3.11.7-cp311-cp311-manylinux_2_5_i686.manylinux1_i686.manylinux_2_17_i686.manylinux2014_i686.whl", hash = "sha256:59ee1925b5a5efdf6c4e7be51deee93984d0ac14a6897bd521b498b9916f1544", size = 1619523 },
    { url = "https://files.pythonhosted.org/packages/ae/3c/af50cf5e06b98783fd776f17077f7b7e755d461114af5d6744dc037fc3b0/aiohttp-3.11.7-cp311-cp311-musllinux_1_2_aarch64.whl", hash = "sha256:24054fce8c6d6f33a3e35d1c603ef1b91bbcba73e3f04a22b4f2f27dac59b347", size = 1644084 },
    { url = "https://files.pythonhosted.org/packages/c0/a6/4e0233b085cbf2b6de573515c1eddde82f1c1f17e69347e32a5a5f2617ff/aiohttp-3.11.7-cp311-cp311-musllinux_1_2_i686.whl", hash = "sha256:351849aca2c6f814575c1a485c01c17a4240413f960df1bf9f5deb0003c61a53", size = 1648332 },
    { url = "https://files.pythonhosted.org/packages/06/20/7062e76e7817318c421c0f9d7b650fb81aaecf6d2f3a9833805b45ec2ea8/aiohttp-3.11.7-cp311-cp311-musllinux_1_2_ppc64le.whl", hash = "sha256:12724f3a211fa243570e601f65a8831372caf1a149d2f1859f68479f07efec3d", size = 1730912 },
    { url = "https://files.pythonhosted.org/packages/6c/1c/ff6ae4b1789894e6faf8a4e260cd3861cad618dc80ad15326789a7765750/aiohttp-3.11.7-cp311-cp311-musllinux_1_2_s390x.whl", hash = "sha256:7ea4490360b605804bea8173d2d086b6c379d6bb22ac434de605a9cbce006e7d", size = 1752619 },
    { url = "https://files.pythonhosted.org/packages/33/58/ddd5cba5ca245c00b04e9d28a7988b0f0eda02de494f8e62ecd2780655c2/aiohttp-3.11.7-cp311-cp311-musllinux_1_2_x86_64.whl", hash = "sha256:e0bf378db07df0a713a1e32381a1b277e62ad106d0dbe17b5479e76ec706d720", size = 1692801 },
    { url = "https://files.pythonhosted.org/packages/b2/fc/32d5e2070b43d3722b7ea65ddc6b03ffa39bcc4b5ab6395a825cde0872ad/aiohttp-3.11.7-cp311-cp311-win32.whl", hash = "sha256:cd8d62cab363dfe713067027a5adb4907515861f1e4ce63e7be810b83668b847", size = 414899 },
    { url = "https://files.pythonhosted.org/packages/ec/7e/50324c6d3df4540f5963def810b9927f220c99864065849a1dfcae77a6ce/aiohttp-3.11.7-cp311-cp311-win_amd64.whl", hash = "sha256:bf0e6cce113596377cadda4e3ac5fb89f095bd492226e46d91b4baef1dd16f60", size = 440938 },
]

[[package]]
name = "aiosignal"
version = "1.3.1"
source = { registry = "https://pypi.org/simple" }
dependencies = [
    { name = "frozenlist" },
]
sdist = { url = "https://files.pythonhosted.org/packages/ae/67/0952ed97a9793b4958e5736f6d2b346b414a2cd63e82d05940032f45b32f/aiosignal-1.3.1.tar.gz", hash = "sha256:54cd96e15e1649b75d6c87526a6ff0b6c1b0dd3459f43d9ca11d48c339b68cfc", size = 19422 }
wheels = [
    { url = "https://files.pythonhosted.org/packages/76/ac/a7305707cb852b7e16ff80eaf5692309bde30e2b1100a1fcacdc8f731d97/aiosignal-1.3.1-py3-none-any.whl", hash = "sha256:f8376fb07dd1e86a584e4fcdec80b36b7f81aac666ebc724e2c090300dd83b17", size = 7617 },
]

[[package]]
name = "asqlite"
version = "2.0.0"
source = { registry = "https://pypi.org/simple" }
sdist = { url = "https://files.pythonhosted.org/packages/c3/c6/8349e97598590d1da0675b7ffbbb1c6293af5e9421d0c8683552e1ccab1b/asqlite-2.0.0.tar.gz", hash = "sha256:97645200037f822c170e7dafa8b8422f85983a36e03060e47dcd932c0e1714a3", size = 9077 }
wheels = [
    { url = "https://files.pythonhosted.org/packages/1b/29/bc22327700c07d08894dfcbfb5a82349f533a0190171b3fd2d8b7dc7b8c8/asqlite-2.0.0-py3-none-any.whl", hash = "sha256:271b4206dbab14da93ff191fb03f3166d11d8feec90467653762636810f040b5", size = 8899 },
]

[[package]]
name = "asyncio"
version = "3.4.3"
source = { registry = "https://pypi.org/simple" }
sdist = { url = "https://files.pythonhosted.org/packages/da/54/054bafaf2c0fb8473d423743e191fcdf49b2c1fd5e9af3524efbe097bafd/asyncio-3.4.3.tar.gz", hash = "sha256:83360ff8bc97980e4ff25c964c7bd3923d333d177aa4f7fb736b019f26c7cb41", size = 204411 }
wheels = [
    { url = "https://files.pythonhosted.org/packages/22/74/07679c5b9f98a7cb0fc147b1ef1cc1853bc07a4eb9cb5731e24732c5f773/asyncio-3.4.3-py3-none-any.whl", hash = "sha256:c4d18b22701821de07bd6aea8b53d21449ec0ec5680645e5317062ea21817d2d", size = 101767 },
]

[[package]]
name = "attrs"
version = "24.2.0"
source = { registry = "https://pypi.org/simple" }
sdist = { url = "https://files.pythonhosted.org/packages/fc/0f/aafca9af9315aee06a89ffde799a10a582fe8de76c563ee80bbcdc08b3fb/attrs-24.2.0.tar.gz", hash = "sha256:5cfb1b9148b5b086569baec03f20d7b6bf3bcacc9a42bebf87ffaaca362f6346", size = 792678 }
wheels = [
    { url = "https://files.pythonhosted.org/packages/6a/21/5b6702a7f963e95456c0de2d495f67bf5fd62840ac655dc451586d23d39a/attrs-24.2.0-py3-none-any.whl", hash = "sha256:81921eb96de3191c8258c199618104dd27ac608d9366f5e35d011eae1867ede2", size = 63001 },
]

[[package]]
name = "frozenlist"
version = "1.5.0"
source = { registry = "https://pypi.org/simple" }
sdist = { url = "https://files.pythonhosted.org/packages/8f/ed/0f4cec13a93c02c47ec32d81d11c0c1efbadf4a471e3f3ce7cad366cbbd3/frozenlist-1.5.0.tar.gz", hash = "sha256:81d5af29e61b9c8348e876d442253723928dce6433e0e76cd925cd83f1b4b817", size = 39930 }
wheels = [
    { url = "https://files.pythonhosted.org/packages/79/43/0bed28bf5eb1c9e4301003b74453b8e7aa85fb293b31dde352aac528dafc/frozenlist-1.5.0-cp311-cp311-macosx_10_9_universal2.whl", hash = "sha256:fd74520371c3c4175142d02a976aee0b4cb4a7cc912a60586ffd8d5929979b30", size = 94987 },
    { url = "https://files.pythonhosted.org/packages/bb/bf/b74e38f09a246e8abbe1e90eb65787ed745ccab6eaa58b9c9308e052323d/frozenlist-1.5.0-cp311-cp311-macosx_10_9_x86_64.whl", hash = "sha256:2f3f7a0fbc219fb4455264cae4d9f01ad41ae6ee8524500f381de64ffaa077d5", size = 54584 },
    { url = "https://files.pythonhosted.org/packages/2c/31/ab01375682f14f7613a1ade30149f684c84f9b8823a4391ed950c8285656/frozenlist-1.5.0-cp311-cp311-macosx_11_0_arm64.whl", hash = "sha256:f47c9c9028f55a04ac254346e92977bf0f166c483c74b4232bee19a6697e4778", size = 52499 },
    { url = "https://files.pythonhosted.org/packages/98/a8/d0ac0b9276e1404f58fec3ab6e90a4f76b778a49373ccaf6a563f100dfbc/frozenlist-1.5.0-cp311-cp311-manylinux_2_17_aarch64.manylinux2014_aarch64.whl", hash = "sha256:0996c66760924da6e88922756d99b47512a71cfd45215f3570bf1e0b694c206a", size = 276357 },
    { url = "https://files.pythonhosted.org/packages/ad/c9/c7761084fa822f07dac38ac29f841d4587570dd211e2262544aa0b791d21/frozenlist-1.5.0-cp311-cp311-manylinux_2_17_ppc64le.manylinux2014_ppc64le.whl", hash = "sha256:a2fe128eb4edeabe11896cb6af88fca5346059f6c8d807e3b910069f39157869", size = 287516 },
    { url = "https://files.pythonhosted.org/packages/a1/ff/cd7479e703c39df7bdab431798cef89dc75010d8aa0ca2514c5b9321db27/frozenlist-1.5.0-cp311-cp311-manylinux_2_17_s390x.manylinux2014_s390x.whl", hash = "sha256:1a8ea951bbb6cacd492e3948b8da8c502a3f814f5d20935aae74b5df2b19cf3d", size = 283131 },
    { url = "https://files.pythonhosted.org/packages/59/a0/370941beb47d237eca4fbf27e4e91389fd68699e6f4b0ebcc95da463835b/frozenlist-1.5.0-cp311-cp311-manylinux_2_5_i686.manylinux1_i686.manylinux_2_17_i686.manylinux2014_i686.whl", hash = "sha256:de537c11e4aa01d37db0d403b57bd6f0546e71a82347a97c6a9f0dcc532b3a45", size = 261320 },
    { url = "https://files.pythonhosted.org/packages/b8/5f/c10123e8d64867bc9b4f2f510a32042a306ff5fcd7e2e09e5ae5100ee333/frozenlist-1.5.0-cp311-cp311-manylinux_2_5_x86_64.manylinux1_x86_64.manylinux_2_17_x86_64.manylinux2014_x86_64.whl", hash = "sha256:9c2623347b933fcb9095841f1cc5d4ff0b278addd743e0e966cb3d460278840d", size = 274877 },
    { url = "https://files.pythonhosted.org/packages/fa/79/38c505601ae29d4348f21706c5d89755ceded02a745016ba2f58bd5f1ea6/frozenlist-1.5.0-cp311-cp311-musllinux_1_2_aarch64.whl", hash = "sha256:cee6798eaf8b1416ef6909b06f7dc04b60755206bddc599f52232606e18179d3", size = 269592 },
    { url = "https://files.pythonhosted.org/packages/19/e2/39f3a53191b8204ba9f0bb574b926b73dd2efba2a2b9d2d730517e8f7622/frozenlist-1.5.0-cp311-cp311-musllinux_1_2_i686.whl", hash = "sha256:f5f9da7f5dbc00a604fe74aa02ae7c98bcede8a3b8b9666f9f86fc13993bc71a", size = 265934 },
    { url = "https://files.pythonhosted.org/packages/d5/c9/3075eb7f7f3a91f1a6b00284af4de0a65a9ae47084930916f5528144c9dd/frozenlist-1.5.0-cp311-cp311-musllinux_1_2_ppc64le.whl", hash = "sha256:90646abbc7a5d5c7c19461d2e3eeb76eb0b204919e6ece342feb6032c9325ae9", size = 283859 },
    { url = "https://files.pythonhosted.org/packages/05/f5/549f44d314c29408b962fa2b0e69a1a67c59379fb143b92a0a065ffd1f0f/frozenlist-1.5.0-cp311-cp311-musllinux_1_2_s390x.whl", hash = "sha256:bdac3c7d9b705d253b2ce370fde941836a5f8b3c5c2b8fd70940a3ea3af7f4f2", size = 287560 },
    { url = "https://files.pythonhosted.org/packages/9d/f8/cb09b3c24a3eac02c4c07a9558e11e9e244fb02bf62c85ac2106d1eb0c0b/frozenlist-1.5.0-cp311-cp311-musllinux_1_2_x86_64.whl", hash = "sha256:03d33c2ddbc1816237a67f66336616416e2bbb6beb306e5f890f2eb22b959cdf", size = 277150 },
    { url = "https://files.pythonhosted.org/packages/37/48/38c2db3f54d1501e692d6fe058f45b6ad1b358d82cd19436efab80cfc965/frozenlist-1.5.0-cp311-cp311-win32.whl", hash = "sha256:237f6b23ee0f44066219dae14c70ae38a63f0440ce6750f868ee08775073f942", size = 45244 },
    { url = "https://files.pythonhosted.org/packages/ca/8c/2ddffeb8b60a4bce3b196c32fcc30d8830d4615e7b492ec2071da801b8ad/frozenlist-1.5.0-cp311-cp311-win_amd64.whl", hash = "sha256:0cc974cc93d32c42e7b0f6cf242a6bd941c57c61b618e78b6c0a96cb72788c1d", size = 51634 },
    { url = "https://files.pythonhosted.org/packages/c6/c8/a5be5b7550c10858fcf9b0ea054baccab474da77d37f1e828ce043a3a5d4/frozenlist-1.5.0-py3-none-any.whl", hash = "sha256:d994863bba198a4a518b467bb971c56e1db3f180a25c6cf7bb1949c267f748c3", size = 11901 },
]

[[package]]
name = "idna"
version = "3.10"
source = { registry = "https://pypi.org/simple" }
sdist = { url = "https://files.pythonhosted.org/packages/f1/70/7703c29685631f5a7590aa73f1f1d3fa9a380e654b86af429e0934a32f7d/idna-3.10.tar.gz", hash = "sha256:12f65c9b470abda6dc35cf8e63cc574b1c52b11df2c86030af0ac09b01b13ea9", size = 190490 }
wheels = [
    { url = "https://files.pythonhosted.org/packages/76/c6/c88e154df9c4e1a2a66ccf0005a88dfb2650c1dffb6f5ce603dfbd452ce3/idna-3.10-py3-none-any.whl", hash = "sha256:946d195a0d259cbba61165e88e65941f16e9b36ea6ddb97f00452bae8b1287d3", size = 70442 },
]

[[package]]
name = "multidict"
version = "6.1.0"
source = { registry = "https://pypi.org/simple" }
sdist = { url = "https://files.pythonhosted.org/packages/d6/be/504b89a5e9ca731cd47487e91c469064f8ae5af93b7259758dcfc2b9c848/multidict-6.1.0.tar.gz", hash = "sha256:22ae2ebf9b0c69d206c003e2f6a914ea33f0a932d4aa16f236afc049d9958f4a", size = 64002 }
wheels = [
    { url = "https://files.pythonhosted.org/packages/93/13/df3505a46d0cd08428e4c8169a196131d1b0c4b515c3649829258843dde6/multidict-6.1.0-cp311-cp311-macosx_10_9_universal2.whl", hash = "sha256:3efe2c2cb5763f2f1b275ad2bf7a287d3f7ebbef35648a9726e3b69284a4f3d6", size = 48570 },
    { url = "https://files.pythonhosted.org/packages/f0/e1/a215908bfae1343cdb72f805366592bdd60487b4232d039c437fe8f5013d/multidict-6.1.0-cp311-cp311-macosx_10_9_x86_64.whl", hash = "sha256:c7053d3b0353a8b9de430a4f4b4268ac9a4fb3481af37dfe49825bf45ca24156", size = 29316 },
    { url = "https://files.pythonhosted.org/packages/70/0f/6dc70ddf5d442702ed74f298d69977f904960b82368532c88e854b79f72b/multidict-6.1.0-cp311-cp311-macosx_11_0_arm64.whl", hash = "sha256:27e5fc84ccef8dfaabb09d82b7d179c7cf1a3fbc8a966f8274fcb4ab2eb4cadb", size = 29640 },
    { url = "https://files.pythonhosted.org/packages/d8/6d/9c87b73a13d1cdea30b321ef4b3824449866bd7f7127eceed066ccb9b9ff/multidict-6.1.0-cp311-cp311-manylinux_2_17_aarch64.manylinux2014_aarch64.whl", hash = "sha256:0e2b90b43e696f25c62656389d32236e049568b39320e2735d51f08fd362761b", size = 131067 },
    { url = "https://files.pythonhosted.org/packages/cc/1e/1b34154fef373371fd6c65125b3d42ff5f56c7ccc6bfff91b9b3c60ae9e0/multidict-6.1.0-cp311-cp311-manylinux_2_17_ppc64le.manylinux2014_ppc64le.whl", hash = "sha256:d83a047959d38a7ff552ff94be767b7fd79b831ad1cd9920662db05fec24fe72", size = 138507 },
    { url = "https://files.pythonhosted.org/packages/fb/e0/0bc6b2bac6e461822b5f575eae85da6aae76d0e2a79b6665d6206b8e2e48/multidict-6.1.0-cp311-cp311-manylinux_2_17_s390x.manylinux2014_s390x.whl", hash = "sha256:d1a9dd711d0877a1ece3d2e4fea11a8e75741ca21954c919406b44e7cf971304", size = 133905 },
    { url = "https://files.pythonhosted.org/packages/ba/af/73d13b918071ff9b2205fcf773d316e0f8fefb4ec65354bbcf0b10908cc6/multidict-6.1.0-cp311-cp311-manylinux_2_17_x86_64.manylinux2014_x86_64.whl", hash = "sha256:ec2abea24d98246b94913b76a125e855eb5c434f7c46546046372fe60f666351", size = 129004 },
    { url = "https://files.pythonhosted.org/packages/74/21/23960627b00ed39643302d81bcda44c9444ebcdc04ee5bedd0757513f259/multidict-6.1.0-cp311-cp311-manylinux_2_5_i686.manylinux1_i686.manylinux_2_17_i686.manylinux2014_i686.whl", hash = "sha256:4867cafcbc6585e4b678876c489b9273b13e9fff9f6d6d66add5e15d11d926cb", size = 121308 },
    { url = "https://files.pythonhosted.org/packages/8b/5c/cf282263ffce4a596ed0bb2aa1a1dddfe1996d6a62d08842a8d4b33dca13/multidict-6.1.0-cp311-cp311-musllinux_1_2_aarch64.whl", hash = "sha256:5b48204e8d955c47c55b72779802b219a39acc3ee3d0116d5080c388970b76e3", size = 132608 },
    { url = "https://files.pythonhosted.org/packages/d7/3e/97e778c041c72063f42b290888daff008d3ab1427f5b09b714f5a8eff294/multidict-6.1.0-cp311-cp311-musllinux_1_2_i686.whl", hash = "sha256:d8fff389528cad1618fb4b26b95550327495462cd745d879a8c7c2115248e399", size = 127029 },
    { url = "https://files.pythonhosted.org/packages/47/ac/3efb7bfe2f3aefcf8d103e9a7162572f01936155ab2f7ebcc7c255a23212/multidict-6.1.0-cp311-cp311-musllinux_1_2_ppc64le.whl", hash = "sha256:a7a9541cd308eed5e30318430a9c74d2132e9a8cb46b901326272d780bf2d423", size = 137594 },
    { url = "https://files.pythonhosted.org/packages/42/9b/6c6e9e8dc4f915fc90a9b7798c44a30773dea2995fdcb619870e705afe2b/multidict-6.1.0-cp311-cp311-musllinux_1_2_s390x.whl", hash = "sha256:da1758c76f50c39a2efd5e9859ce7d776317eb1dd34317c8152ac9251fc574a3", size = 134556 },
    { url = "https://files.pythonhosted.org/packages/1d/10/8e881743b26aaf718379a14ac58572a240e8293a1c9d68e1418fb11c0f90/multidict-6.1.0-cp311-cp311-musllinux_1_2_x86_64.whl", hash = "sha256:c943a53e9186688b45b323602298ab727d8865d8c9ee0b17f8d62d14b56f0753", size = 130993 },
    { url = "https://files.pythonhosted.org/packages/45/84/3eb91b4b557442802d058a7579e864b329968c8d0ea57d907e7023c677f2/multidict-6.1.0-cp311-cp311-win32.whl", hash = "sha256:90f8717cb649eea3504091e640a1b8568faad18bd4b9fcd692853a04475a4b80", size = 26405 },
    { url = "https://files.pythonhosted.org/packages/9f/0b/ad879847ecbf6d27e90a6eabb7eff6b62c129eefe617ea45eae7c1f0aead/multidict-6.1.0-cp311-cp311-win_amd64.whl", hash = "sha256:82176036e65644a6cc5bd619f65f6f19781e8ec2e5330f51aa9ada7504cc1926", size = 28795 },
    { url = "https://files.pythonhosted.org/packages/99/b7/b9e70fde2c0f0c9af4cc5277782a89b66d35948ea3369ec9f598358c3ac5/multidict-6.1.0-py3-none-any.whl", hash = "sha256:48e171e52d1c4d33888e529b999e5900356b9ae588c2f09a52dcefb158b27506", size = 10051 },
]

[[package]]
name = "nembot"
version = "0.1.0"
source = { virtual = "." }
dependencies = [
    { name = "aiohttp" },
    { name = "asqlite" },
    { name = "asyncio" },
    { name = "pywin32" },
    { name = "watchdog" },
]

[package.metadata]
requires-dist = [
    { name = "aiohttp", specifier = ">=3.11.7" },
    { name = "asqlite", specifier = ">=2.0.0" },
    { name = "asyncio", specifier = ">=3.4.3" },
    { name = "pywin32", specifier = ">=308" },
    { name = "watchdog", specifier = ">=6.0.0" },
]

[[package]]
name = "propcache"
version = "0.2.0"
source = { registry = "https://pypi.org/simple" }
sdist = { url = "https://files.pythonhosted.org/packages/a9/4d/5e5a60b78dbc1d464f8a7bbaeb30957257afdc8512cbb9dfd5659304f5cd/propcache-0.2.0.tar.gz", hash = "sha256:df81779732feb9d01e5d513fad0122efb3d53bbc75f61b2a4f29a020bc985e70", size = 40951 }
wheels = [
    { url = "https://files.pythonhosted.org/packages/e0/1c/71eec730e12aec6511e702ad0cd73c2872eccb7cad39de8ba3ba9de693ef/propcache-0.2.0-cp311-cp311-macosx_10_9_universal2.whl", hash = "sha256:63f13bf09cc3336eb04a837490b8f332e0db41da66995c9fd1ba04552e516354", size = 80811 },
    { url = "https://files.pythonhosted.org/packages/89/c3/7e94009f9a4934c48a371632197406a8860b9f08e3f7f7d922ab69e57a41/propcache-0.2.0-cp311-cp311-macosx_10_9_x86_64.whl", hash = "sha256:608cce1da6f2672a56b24a015b42db4ac612ee709f3d29f27a00c943d9e851de", size = 46365 },
    { url = "https://files.pythonhosted.org/packages/c0/1d/c700d16d1d6903aeab28372fe9999762f074b80b96a0ccc953175b858743/propcache-0.2.0-cp311-cp311-macosx_11_0_arm64.whl", hash = "sha256:466c219deee4536fbc83c08d09115249db301550625c7fef1c5563a584c9bc87", size = 45602 },
    { url = "https://files.pythonhosted.org/packages/2e/5e/4a3e96380805bf742712e39a4534689f4cddf5fa2d3a93f22e9fd8001b23/propcache-0.2.0-cp311-cp311-manylinux_2_17_aarch64.manylinux2014_aarch64.whl", hash = "sha256:fc2db02409338bf36590aa985a461b2c96fce91f8e7e0f14c50c5fcc4f229016", size = 236161 },
    { url = "https://files.pythonhosted.org/packages/a5/85/90132481183d1436dff6e29f4fa81b891afb6cb89a7306f32ac500a25932/propcache-0.2.0-cp311-cp311-manylinux_2_17_ppc64le.manylinux2014_ppc64le.whl", hash = "sha256:a6ed8db0a556343d566a5c124ee483ae113acc9a557a807d439bcecc44e7dfbb", size = 244938 },
    { url = "https://files.pythonhosted.org/packages/4a/89/c893533cb45c79c970834274e2d0f6d64383ec740be631b6a0a1d2b4ddc0/propcache-0.2.0-cp311-cp311-manylinux_2_17_s390x.manylinux2014_s390x.whl", hash = "sha256:91997d9cb4a325b60d4e3f20967f8eb08dfcb32b22554d5ef78e6fd1dda743a2", size = 243576 },
    { url = "https://files.pythonhosted.org/packages/8c/56/98c2054c8526331a05f205bf45cbb2cda4e58e56df70e76d6a509e5d6ec6/propcache-0.2.0-cp311-cp311-manylinux_2_17_x86_64.manylinux2014_x86_64.whl", hash = "sha256:4c7dde9e533c0a49d802b4f3f218fa9ad0a1ce21f2c2eb80d5216565202acab4", size = 236011 },
    { url = "https://files.pythonhosted.org/packages/2d/0c/8b8b9f8a6e1abd869c0fa79b907228e7abb966919047d294ef5df0d136cf/propcache-0.2.0-cp311-cp311-manylinux_2_5_i686.manylinux1_i686.manylinux_2_17_i686.manylinux2014_i686.whl", hash = "sha256:ffcad6c564fe6b9b8916c1aefbb37a362deebf9394bd2974e9d84232e3e08504", size = 224834 },
    { url = "https://files.pythonhosted.org/packages/18/bb/397d05a7298b7711b90e13108db697732325cafdcd8484c894885c1bf109/propcache-0.2.0-cp311-cp311-musllinux_1_2_aarch64.whl", hash = "sha256:97a58a28bcf63284e8b4d7b460cbee1edaab24634e82059c7b8c09e65284f178", size = 224946 },
    { url = "https://files.pythonhosted.org/packages/25/19/4fc08dac19297ac58135c03770b42377be211622fd0147f015f78d47cd31/propcache-0.2.0-cp311-cp311-musllinux_1_2_armv7l.whl", hash = "sha256:945db8ee295d3af9dbdbb698cce9bbc5c59b5c3fe328bbc4387f59a8a35f998d", size = 217280 },
    { url = "https://files.pythonhosted.org/packages/7e/76/c79276a43df2096ce2aba07ce47576832b1174c0c480fe6b04bd70120e59/propcache-0.2.0-cp311-cp311-musllinux_1_2_i686.whl", hash = "sha256:39e104da444a34830751715f45ef9fc537475ba21b7f1f5b0f4d71a3b60d7fe2", size = 220088 },
    { url = "https://files.pythonhosted.org/packages/c3/9a/8a8cf428a91b1336b883f09c8b884e1734c87f724d74b917129a24fe2093/propcache-0.2.0-cp311-cp311-musllinux_1_2_ppc64le.whl", hash = "sha256:c5ecca8f9bab618340c8e848d340baf68bcd8ad90a8ecd7a4524a81c1764b3db", size = 233008 },
    { url = "https://files.pythonhosted.org/packages/25/7b/768a8969abd447d5f0f3333df85c6a5d94982a1bc9a89c53c154bf7a8b11/propcache-0.2.0-cp311-cp311-musllinux_1_2_s390x.whl", hash = "sha256:c436130cc779806bdf5d5fae0d848713105472b8566b75ff70048c47d3961c5b", size = 237719 },
    { url = "https://files.pythonhosted.org/packages/ed/0d/e5d68ccc7976ef8b57d80613ac07bbaf0614d43f4750cf953f0168ef114f/propcache-0.2.0-cp311-cp311-musllinux_1_2_x86_64.whl", hash = "sha256:191db28dc6dcd29d1a3e063c3be0b40688ed76434622c53a284e5427565bbd9b", size = 227729 },
    { url = "https://files.pythonhosted.org/packages/05/64/17eb2796e2d1c3d0c431dc5f40078d7282f4645af0bb4da9097fbb628c6c/propcache-0.2.0-cp311-cp311-win32.whl", hash = "sha256:5f2564ec89058ee7c7989a7b719115bdfe2a2fb8e7a4543b8d1c0cc4cf6478c1", size = 40473 },
    { url = "https://files.pythonhosted.org/packages/83/c5/e89fc428ccdc897ade08cd7605f174c69390147526627a7650fb883e0cd0/propcache-0.2.0-cp311-cp311-win_amd64.whl", hash = "sha256:6e2e54267980349b723cff366d1e29b138b9a60fa376664a157a342689553f71", size = 44921 },
    { url = "https://files.pythonhosted.org/packages/3d/b6/e6d98278f2d49b22b4d033c9f792eda783b9ab2094b041f013fc69bcde87/propcache-0.2.0-py3-none-any.whl", hash = "sha256:2ccc28197af5313706511fab3a8b66dcd6da067a1331372c82ea1cb74285e036", size = 11603 },
]

[[package]]
name = "pywin32"
version = "308"
source = { registry = "https://pypi.org/simple" }
wheels = [
    { url = "https://files.pythonhosted.org/packages/eb/e2/02652007469263fe1466e98439831d65d4ca80ea1a2df29abecedf7e47b7/pywin32-308-cp311-cp311-win32.whl", hash = "sha256:5d8c8015b24a7d6855b1550d8e660d8daa09983c80e5daf89a273e5c6fb5095a", size = 5928156 },
    { url = "https://files.pythonhosted.org/packages/48/ef/f4fb45e2196bc7ffe09cad0542d9aff66b0e33f6c0954b43e49c33cad7bd/pywin32-308-cp311-cp311-win_amd64.whl", hash = "sha256:575621b90f0dc2695fec346b2d6302faebd4f0f45c05ea29404cefe35d89442b", size = 6559559 },
    { url = "https://files.pythonhosted.org/packages/79/ef/68bb6aa865c5c9b11a35771329e95917b5559845bd75b65549407f9fc6b4/pywin32-308-cp311-cp311-win_arm64.whl", hash = "sha256:100a5442b7332070983c4cd03f2e906a5648a5104b8a7f50175f7906efd16bb6", size = 7972495 },
]

[[package]]
name = "watchdog"
version = "6.0.0"
source = { registry = "https://pypi.org/simple" }
sdist = { url = "https://files.pythonhosted.org/packages/db/7d/7f3d619e951c88ed75c6037b246ddcf2d322812ee8ea189be89511721d54/watchdog-6.0.0.tar.gz", hash = "sha256:9ddf7c82fda3ae8e24decda1338ede66e1c99883db93711d8fb941eaa2d8c282", size = 131220 }
wheels = [
    { url = "https://files.pythonhosted.org/packages/e0/24/d9be5cd6642a6aa68352ded4b4b10fb0d7889cb7f45814fb92cecd35f101/watchdog-6.0.0-cp311-cp311-macosx_10_9_universal2.whl", hash = "sha256:6eb11feb5a0d452ee41f824e271ca311a09e250441c262ca2fd7ebcf2461a06c", size = 96393 },
    { url = "https://files.pythonhosted.org/packages/63/7a/6013b0d8dbc56adca7fdd4f0beed381c59f6752341b12fa0886fa7afc78b/watchdog-6.0.0-cp311-cp311-macosx_10_9_x86_64.whl", hash = "sha256:ef810fbf7b781a5a593894e4f439773830bdecb885e6880d957d5b9382a960d2", size = 88392 },
    { url = "https://files.pythonhosted.org/packages/d1/40/b75381494851556de56281e053700e46bff5b37bf4c7267e858640af5a7f/watchdog-6.0.0-cp311-cp311-macosx_11_0_arm64.whl", hash = "sha256:afd0fe1b2270917c5e23c2a65ce50c2a4abb63daafb0d419fde368e272a76b7c", size = 89019 },
    { url = "https://files.pythonhosted.org/packages/a9/c7/ca4bf3e518cb57a686b2feb4f55a1892fd9a3dd13f470fca14e00f80ea36/watchdog-6.0.0-py3-none-manylinux2014_aarch64.whl", hash = "sha256:7607498efa04a3542ae3e05e64da8202e58159aa1fa4acddf7678d34a35d4f13", size = 79079 },
    { url = "https://files.pythonhosted.org/packages/5c/51/d46dc9332f9a647593c947b4b88e2381c8dfc0942d15b8edc0310fa4abb1/watchdog-6.0.0-py3-none-manylinux2014_armv7l.whl", hash = "sha256:9041567ee8953024c83343288ccc458fd0a2d811d6a0fd68c4c22609e3490379", size = 79078 },
    { url = "https://files.pythonhosted.org/packages/d4/57/04edbf5e169cd318d5f07b4766fee38e825d64b6913ca157ca32d1a42267/watchdog-6.0.0-py3-none-manylinux2014_i686.whl", hash = "sha256:82dc3e3143c7e38ec49d61af98d6558288c415eac98486a5c581726e0737c00e", size = 79076 },
    { url = "https://files.pythonhosted.org/packages/ab/cc/da8422b300e13cb187d2203f20b9253e91058aaf7db65b74142013478e66/watchdog-6.0.0-py3-none-manylinux2014_ppc64.whl", hash = "sha256:212ac9b8bf1161dc91bd09c048048a95ca3a4c4f5e5d4a7d1b1a7d5752a7f96f", size = 79077 },
    { url = "https://files.pythonhosted.org/packages/2c/3b/b8964e04ae1a025c44ba8e4291f86e97fac443bca31de8bd98d3263d2fcf/watchdog-6.0.0-py3-none-manylinux2014_ppc64le.whl", hash = "sha256:e3df4cbb9a450c6d49318f6d14f4bbc80d763fa587ba46ec86f99f9e6876bb26", size = 79078 },
    { url = "https://files.pythonhosted.org/packages/62/ae/a696eb424bedff7407801c257d4b1afda455fe40821a2be430e173660e81/watchdog-6.0.0-py3-none-manylinux2014_s390x.whl", hash = "sha256:2cce7cfc2008eb51feb6aab51251fd79b85d9894e98ba847408f662b3395ca3c", size = 79077 },
    { url = "https://files.pythonhosted.org/packages/b5/e8/dbf020b4d98251a9860752a094d09a65e1b436ad181faf929983f697048f/watchdog-6.0.0-py3-none-manylinux2014_x86_64.whl", hash = "sha256:20ffe5b202af80ab4266dcd3e91aae72bf2da48c0d33bdb15c66658e685e94e2", size = 79078 },
    { url = "https://files.pythonhosted.org/packages/07/f6/d0e5b343768e8bcb4cda79f0f2f55051bf26177ecd5651f84c07567461cf/watchdog-6.0.0-py3-none-win32.whl", hash = "sha256:07df1fdd701c5d4c8e55ef6cf55b8f0120fe1aef7ef39a1c6fc6bc2e606d517a", size = 79065 },
    { url = "https://files.pythonhosted.org/packages/db/d9/c495884c6e548fce18a8f40568ff120bc3a4b7b99813081c8ac0c936fa64/watchdog-6.0.0-py3-none-win_amd64.whl", hash = "sha256:cbafb470cf848d93b5d013e2ecb245d4aa1c8fd0504e863ccefa32445359d680", size = 79070 },
    { url = "https://files.pythonhosted.org/packages/33/e8/e40370e6d74ddba47f002a32919d91310d6074130fe4e17dabcafc15cbf1/watchdog-6.0.0-py3-none-win_ia64.whl", hash = "sha256:a1914259fa9e1454315171103c6a30961236f508b9b623eae470268bbcc6a22f", size = 79067 },
]

[[package]]
name = "yarl"
version = "1.18.0"
source = { registry = "https://pypi.org/simple" }
dependencies = [
    { name = "idna" },
    { name = "multidict" },
    { name = "propcache" },
]
sdist = { url = "https://files.pythonhosted.org/packages/5e/4b/53db4ecad4d54535aff3dfda1f00d6363d79455f62b11b8ca97b82746bd2/yarl-1.18.0.tar.gz", hash = "sha256:20d95535e7d833889982bfe7cc321b7f63bf8879788fee982c76ae2b24cfb715", size = 180098 }
wheels = [
    { url = "https://files.pythonhosted.org/packages/06/45/6ad7135d1c4ad3a6a49e2c37dc78a1805a7871879c03c3495d64c9605d49/yarl-1.18.0-cp311-cp311-macosx_10_9_universal2.whl", hash = "sha256:b8e8c516dc4e1a51d86ac975b0350735007e554c962281c432eaa5822aa9765c", size = 141283 },
    { url = "https://files.pythonhosted.org/packages/45/6d/24b70ae33107d6eba303ed0ebfdf1164fe2219656e7594ca58628ebc0f1d/yarl-1.18.0-cp311-cp311-macosx_10_9_x86_64.whl", hash = "sha256:2e6b4466714a73f5251d84b471475850954f1fa6acce4d3f404da1d55d644c34", size = 94082 },
    { url = "https://files.pythonhosted.org/packages/8a/0e/da720989be11b662ca847ace58f468b52310a9b03e52ac62c144755f9d75/yarl-1.18.0-cp311-cp311-macosx_11_0_arm64.whl", hash = "sha256:c893f8c1a6d48b25961e00922724732d00b39de8bb0b451307482dc87bddcd74", size = 92017 },
    { url = "https://files.pythonhosted.org/packages/f5/76/e5c91681fa54658943cb88673fb19b3355c3a8ae911a33a2621b6320990d/yarl-1.18.0-cp311-cp311-manylinux_2_17_aarch64.manylinux2014_aarch64.whl", hash = "sha256:13aaf2bdbc8c86ddce48626b15f4987f22e80d898818d735b20bd58f17292ee8", size = 340359 },
    { url = "https://files.pythonhosted.org/packages/cf/77/02cf72f09dea20980dea4ebe40dfb2c24916b864aec869a19f715428e0f0/yarl-1.18.0-cp311-cp311-manylinux_2_17_ppc64le.manylinux2014_ppc64le.whl", hash = "sha256:dd21c0128e301851de51bc607b0a6da50e82dc34e9601f4b508d08cc89ee7929", size = 356336 },
    { url = "https://files.pythonhosted.org/packages/17/66/83a88d04e4fc243dd26109f3e3d6412f67819ab1142dadbce49706ef4df4/yarl-1.18.0-cp311-cp311-manylinux_2_17_s390x.manylinux2014_s390x.whl", hash = "sha256:205de377bd23365cd85562c9c6c33844050a93661640fda38e0567d2826b50df", size = 353730 },
    { url = "https://files.pythonhosted.org/packages/76/77/0b205a532d22756ab250ab21924d362f910a23d641c82faec1c4ad7f6077/yarl-1.18.0-cp311-cp311-manylinux_2_17_x86_64.manylinux2014_x86_64.whl", hash = "sha256:ed69af4fe2a0949b1ea1d012bf065c77b4c7822bad4737f17807af2adb15a73c", size = 343882 },
    { url = "https://files.pythonhosted.org/packages/0b/47/2081ddce3da6096889c3947bdc21907d0fa15939909b10219254fe116841/yarl-1.18.0-cp311-cp311-manylinux_2_5_i686.manylinux1_i686.manylinux_2_17_i686.manylinux2014_i686.whl", hash = "sha256:8e1c18890091aa3cc8a77967943476b729dc2016f4cfe11e45d89b12519d4a93", size = 335873 },
    { url = "https://files.pythonhosted.org/packages/25/3c/437304394494e757ae927c9a81bacc4bcdf7351a1d4e811d95b02cb6dbae/yarl-1.18.0-cp311-cp311-musllinux_1_2_aarch64.whl", hash = "sha256:91b8fb9427e33f83ca2ba9501221ffaac1ecf0407f758c4d2f283c523da185ee", size = 347725 },
    { url = "https://files.pythonhosted.org/packages/c6/fb/fa6c642bc052fbe6370ed5da765579650510157dea354fe9e8177c3bc34a/yarl-1.18.0-cp311-cp311-musllinux_1_2_armv7l.whl", hash = "sha256:536a7a8a53b75b2e98ff96edb2dfb91a26b81c4fed82782035767db5a465be46", size = 346161 },
    { url = "https://files.pythonhosted.org/packages/b0/09/8c0cf68a0fcfe3b060c9e5857bb35735bc72a4cf4075043632c636d007e9/yarl-1.18.0-cp311-cp311-musllinux_1_2_i686.whl", hash = "sha256:a64619a9c47c25582190af38e9eb382279ad42e1f06034f14d794670796016c0", size = 349924 },
    { url = "https://files.pythonhosted.org/packages/bf/4b/1efe10fd51e2cedf53195d688fa270efbcd64a015c61d029d49c20bf0af7/yarl-1.18.0-cp311-cp311-musllinux_1_2_ppc64le.whl", hash = "sha256:c73a6bbc97ba1b5a0c3c992ae93d721c395bdbb120492759b94cc1ac71bc6350", size = 361865 },
    { url = "https://files.pythonhosted.org/packages/0b/1b/2b5efd6df06bf938f7e154dee8e2ab22d148f3311a92bf4da642aaaf2fc5/yarl-1.18.0-cp311-cp311-musllinux_1_2_s390x.whl", hash = "sha256:a173401d7821a2a81c7b47d4e7d5c4021375a1441af0c58611c1957445055056", size = 366030 },
    { url = "https://files.pythonhosted.org/packages/f8/db/786a5684f79278e62271038a698f56a51960f9e643be5d3eff82712f0b1c/yarl-1.18.0-cp311-cp311-musllinux_1_2_x86_64.whl", hash = "sha256:7520e799b1f84e095cce919bd6c23c9d49472deeef25fe1ef960b04cca51c3fc", size = 358902 },
    { url = "https://files.pythonhosted.org/packages/91/2f/437d0de062f1a3e3cb17573971b3832232443241133580c2ba3da5001d06/yarl-1.18.0-cp311-cp311-win32.whl", hash = "sha256:c4cb992d8090d5ae5f7afa6754d7211c578be0c45f54d3d94f7781c495d56716", size = 84138 },
    { url = "https://files.pythonhosted.org/packages/9d/85/035719a9266bce85ecde820aa3f8c46f3b18c3d7ba9ff51367b2fa4ae2a2/yarl-1.18.0-cp311-cp311-win_amd64.whl", hash = "sha256:52c136f348605974c9b1c878addd6b7a60e3bf2245833e370862009b86fa4689", size = 90765 },
    { url = "https://files.pythonhosted.org/packages/30/9c/3f7ab894a37b1520291247cbc9ea6756228d098dae5b37eec848d404a204/yarl-1.18.0-py3-none-any.whl", hash = "sha256:dbf53db46f7cf176ee01d8d98c39381440776fcda13779d269a8ba664f69bec0", size = 44840 },
]
